{
  "name": "thai-id-card-reader",
  "version": "1.0.44",
  "lockfileVersion": 2,
  "requires": true,
  "packages": {
    "": {
      "name": "thai-id-card-reader",
      "version": "1.0.44",
      "license": "ISC",
      "dependencies": {
        "axios": "^1.1.3",
        "datauri": "^4.1.0",
        "encoding": "^0.1.13",
        "eventemitter3": "^4.0.7",
        "legacy-encoding": "^3.0.0",
        "moment": "^2.29.4",
        "pcsclite": "^1.0.1",
        "thai-id-card-reader": "^1.0.42"
      },
      "devDependencies": {
        "@types/node": "^18.11.9"
      }
    },
    "node_modules/@types/node": {
      "version": "18.11.9",
      "resolved": "https://registry.npmjs.org/@types/node/-/node-18.11.9.tgz",
      "integrity": "sha512-CRpX21/kGdzjOpFsZSkcrXMGIBWMGNIHXXBVFSH+ggkftxg+XYP20TESbh+zFvFj3EQOl5byk0HTRn1IL6hbqg==",
      "dev": true
    },
    "node_modules/asynckit": {
      "version": "0.4.0",
      "resolved": "https://registry.npmjs.org/asynckit/-/asynckit-0.4.0.tgz",
      "integrity": "sha512-Oei9OH4tRh0YqU3GxhX79dM/mwVgvbZJaSNaRk+bshkj0S5cfHcgYakreBjrHwatXKbz+IoIdYLxrKim2MjW0Q=="
    },
    "node_modules/axios": {
      "version": "1.1.3",
      "resolved": "https://registry.npmjs.org/axios/-/axios-1.1.3.tgz",
      "integrity": "sha512-00tXVRwKx/FZr/IDVFt4C+f9FYairX517WoGCL6dpOntqLkZofjhu43F/Xl44UOpqa+9sLFDrG/XAnFsUYgkDA==",
      "dependencies": {
        "follow-redirects": "^1.15.0",
        "form-data": "^4.0.0",
        "proxy-from-env": "^1.1.0"
      }
    },
    "node_modules/bindings": {
      "version": "1.5.0",
      "resolved": "https://registry.npmjs.org/bindings/-/bindings-1.5.0.tgz",
      "integrity": "sha512-p2q/t/mhvuOj/UeLlV6566GD/guowlr0hHxClI0W9m7MWYkL1F0hLo+0Aexs9HSPCtR1SXQ0TD3MMKrXZajbiQ==",
      "dependencies": {
        "file-uri-to-path": "1.0.0"
      }
    },
    "node_modules/combined-stream": {
      "version": "1.0.8",
      "resolved": "https://registry.npmjs.org/combined-stream/-/combined-stream-1.0.8.tgz",
      "integrity": "sha512-FQN4MRfuJeHf7cBbBMJFXhKSDq+2kAArBlmRBvcvFE5BB1HZKXtSFASDhdlz9zOYwxh8lDdnvmMOe/+5cdoEdg==",
      "dependencies": {
        "delayed-stream": "~1.0.0"
      },
      "engines": {
        "node": ">= 0.8"
      }
    },
    "node_modules/datauri": {
      "version": "4.1.0",
      "resolved": "https://registry.npmjs.org/datauri/-/datauri-4.1.0.tgz",
      "integrity": "sha512-y17kh32+I82G+ED9MNWFkZiP/Cq/vO1hN9+tSZsT9C9qn3NrvcBnh7crSepg0AQPge1hXx2Ca44s1FRdv0gFWA==",
      "dependencies": {
        "image-size": "1.0.0",
        "mimer": "^2.0.2"
      },
      "engines": {
        "node": ">= 10"
      }
    },
    "node_modules/delayed-stream": {
      "version": "1.0.0",
      "resolved": "https://registry.npmjs.org/delayed-stream/-/delayed-stream-1.0.0.tgz",
      "integrity": "sha512-ZySD7Nf91aLB0RxL4KGrKHBXl7Eds1DAmEdcoVawXnLD7SDhpNgtuII2aAkg7a7QS41jxPSZ17p4VdGnMHk3MQ==",
      "engines": {
        "node": ">=0.4.0"
      }
    },
    "node_modules/encoding": {
      "version": "0.1.13",
      "resolved": "https://registry.npmjs.org/encoding/-/encoding-0.1.13.tgz",
      "integrity": "sha512-ETBauow1T35Y/WZMkio9jiM0Z5xjHHmJ4XmjZOq1l/dXz3lr2sRn87nJy20RupqSh1F2m3HHPSp8ShIPQJrJ3A==",
      "dependencies": {
        "iconv-lite": "^0.6.2"
      }
    },
    "node_modules/eventemitter3": {
      "version": "4.0.7",
      "resolved": "https://registry.npmjs.org/eventemitter3/-/eventemitter3-4.0.7.tgz",
      "integrity": "sha512-8guHBZCwKnFhYdHr2ysuRWErTwhoN2X8XELRlrRwpmfeY2jjuUN4taQMsULKUVo1K4DvZl+0pgfyoysHxvmvEw=="
    },
    "node_modules/file-uri-to-path": {
      "version": "1.0.0",
      "resolved": "https://registry.npmjs.org/file-uri-to-path/-/file-uri-to-path-1.0.0.tgz",
      "integrity": "sha512-0Zt+s3L7Vf1biwWZ29aARiVYLx7iMGnEUl9x33fbB/j3jR81u/O2LbqK+Bm1CDSNDKVtJ/YjwY7TUd5SkeLQLw=="
    },
    "node_modules/follow-redirects": {
      "version": "1.15.2",
      "resolved": "https://registry.npmjs.org/follow-redirects/-/follow-redirects-1.15.2.tgz",
      "integrity": "sha512-VQLG33o04KaQ8uYi2tVNbdrWp1QWxNNea+nmIB4EVM28v0hmP17z7aG1+wAkNzVq4KeXTq3221ye5qTJP91JwA==",
      "funding": [
        {
          "type": "individual",
          "url": "https://github.com/sponsors/RubenVerborgh"
        }
      ],
      "engines": {
        "node": ">=4.0"
      },
      "peerDependenciesMeta": {
        "debug": {
          "optional": true
        }
      }
    },
    "node_modules/form-data": {
      "version": "4.0.0",
      "resolved": "https://registry.npmjs.org/form-data/-/form-data-4.0.0.tgz",
      "integrity": "sha512-ETEklSGi5t0QMZuiXoA/Q6vcnxcLQP5vdugSpuAyi6SVGi2clPPp+xgEhuMaHC+zGgn31Kd235W35f7Hykkaww==",
      "dependencies": {
        "asynckit": "^0.4.0",
        "combined-stream": "^1.0.8",
        "mime-types": "^2.1.12"
      },
      "engines": {
        "node": ">= 6"
      }
    },
    "node_modules/iconv-lite": {
      "version": "0.6.3",
      "resolved": "https://registry.npmjs.org/iconv-lite/-/iconv-lite-0.6.3.tgz",
      "integrity": "sha512-4fCk79wshMdzMp2rH06qWrJE4iolqLhCUH+OiuIgU++RB0+94NlDL81atO7GX55uUKueo0txHNtvEyI6D7WdMw==",
      "dependencies": {
        "safer-buffer": ">= 2.1.2 < 3.0.0"
      },
      "engines": {
        "node": ">=0.10.0"
      }
    },
    "node_modules/image-size": {
      "version": "1.0.0",
      "resolved": "https://registry.npmjs.org/image-size/-/image-size-1.0.0.tgz",
      "integrity": "sha512-JLJ6OwBfO1KcA+TvJT+v8gbE6iWbj24LyDNFgFEN0lzegn6cC6a/p3NIDaepMsJjQjlUWqIC7wJv8lBFxPNjcw==",
      "dependencies": {
        "queue": "6.0.2"
      },
      "bin": {
        "image-size": "bin/image-size.js"
      },
      "engines": {
        "node": ">=12.0.0"
      }
    },
    "node_modules/inherits": {
      "version": "2.0.4",
      "resolved": "https://registry.npmjs.org/inherits/-/inherits-2.0.4.tgz",
      "integrity": "sha512-k/vGaX4/Yla3WzyMCvTQOXYeIHvqOKtnqBduzTHpzpQZzAskKMhZ2K+EnBiSM9zGSoIFeMpXKxa4dYeZIQqewQ=="
    },
    "node_modules/iso-8859-15": {
      "version": "0.1.2",
      "resolved": "https://registry.npmjs.org/iso-8859-15/-/iso-8859-15-0.1.2.tgz",
      "integrity": "sha512-yVBeEJCnjNplRZS7zMEClE2THk57zvocFQ+DsxyutCXijFYigDUGr1psSo69rU83Qq5CwBcO6dqOM8enCbSKkg=="
    },
    "node_modules/iso-8859-2": {
      "version": "0.1.2",
      "resolved": "https://registry.npmjs.org/iso-8859-2/-/iso-8859-2-0.1.2.tgz",
      "integrity": "sha512-tVp9GhPRMBdPHVwWzPl5heWk8EY0ChVUu7Wdkdw+EuQhGh1Q6FWZ1bGsYyQSO1ZOasWvdQVdcM5k31KJnt9kBQ=="
    },
    "node_modules/iso-8859-3": {
      "version": "0.1.2",
      "resolved": "https://registry.npmjs.org/iso-8859-3/-/iso-8859-3-0.1.2.tgz",
      "integrity": "sha512-vmfNH3hktlbAvDZth2HPWYnK4R5U5/6YYnM5qlnkN7CLNZVqimOWJhGJLCG+pEgtIk9upzE9QeKGwoIohXL9Aw=="
    },
    "node_modules/iso-8859-4": {
      "version": "0.1.2",
      "resolved": "https://registry.npmjs.org/iso-8859-4/-/iso-8859-4-0.1.2.tgz",
      "integrity": "sha512-5zsCLvemq1vrRkDKk6SK0PJiTG517RueqdHB4nxH/tTijtOeZxkUyotDtveADZXYUM+pZSnRR3A0s7LgI2uYYQ=="
    },
    "node_modules/iso-8859-5": {
      "version": "0.1.2",
      "resolved": "https://registry.npmjs.org/iso-8859-5/-/iso-8859-5-0.1.2.tgz",
      "integrity": "sha512-Fd3oGABHxcInAPJhf2lBGJftXMTGPLYbr5jY8ql2HLPV+nrNLcizYUbw02dn7rE02KDe5+EfyykJw6Zpv/3ebQ=="
    },
    "node_modules/iso-8859-6": {
      "version": "0.1.2",
      "resolved": "https://registry.npmjs.org/iso-8859-6/-/iso-8859-6-0.1.2.tgz",
      "integrity": "sha512-eIGTMyBLlSsDLsig0RccPlyyn2ofwlUcMzgFIcIvElIRLl2srCWLKqXwb77lrdXRO8zB5uu4e59vOhyDJ2y29w=="
    },
    "node_modules/iso-8859-7": {
      "version": "0.1.2",
      "resolved": "https://registry.npmjs.org/iso-8859-7/-/iso-8859-7-0.1.2.tgz",
      "integrity": "sha512-hiqEj9lFhlRwdWNXHjCkbMFvOEmX+BvitOyiSPPvlTlMQ5yaKOefnj/nAYqQyUlLfUizZPOW0ag7ynJGRr7toQ=="
    },
    "node_modules/iso-8859-8": {
      "version": "0.1.2",
      "resolved": "https://registry.npmjs.org/iso-8859-8/-/iso-8859-8-0.1.2.tgz",
      "integrity": "sha512-ssefagpYTjZKcWJwC0lNiosKfCacB3ZWv0ani7rVMnjB/nFghk8eXvBhKO0RdY4/dfuaIZOXzswKCepe+Z7oAA=="
    },
    "node_modules/iso-8859-8-i": {
      "version": "0.1.2",
      "resolved": "https://registry.npmjs.org/iso-8859-8-i/-/iso-8859-8-i-0.1.2.tgz",
      "integrity": "sha512-Wo1dlXoQtu9pk9KGomdT+RteUlcar0OTmEKYKFChZVVXA7ouXtQplhDkIOmmOs2eOHbpJu962+HqlcKG0WKTmA=="
    },
    "node_modules/jconv": {
      "version": "0.1.5",
      "resolved": "https://registry.npmjs.org/jconv/-/jconv-0.1.5.tgz",
      "integrity": "sha512-aH8BnQa8SakaT2Wq+tfbu1cRBE6aMwnDqb2AP/jegh69Lg1WIBVRmwPdb4YErYyPHP7iQhuZ5rnPWBX8DcnRSg==",
      "engines": {
        "node": ">=0.8.0"
      }
    },
    "node_modules/koi8-r": {
      "version": "0.1.2",
      "resolved": "https://registry.npmjs.org/koi8-r/-/koi8-r-0.1.2.tgz",
      "integrity": "sha512-6/PxYCL4ot7cgDbgXQGKFpKYqLPzm8TvZV2kVtHwdY4AWdiiLwnwpTu56ZRZ7t/PTHw/VlNxJVp+awsgcGMsIw=="
    },
    "node_modules/legacy-encoding": {
      "version": "3.0.0",
      "resolved": "https://registry.npmjs.org/legacy-encoding/-/legacy-encoding-3.0.0.tgz",
      "integrity": "sha512-qUVsu/aaZl+RIAUVeazsFljyD/3XD7oOq/l1XPcZ5xpp++MnxR7W2oaXrH+jwnAXqCEpsI9ovXXqwmrGDMO2gQ==",
      "dependencies": {
        "iconv-lite": "^0.4.4",
        "iso-8859-15": "^0.1.2",
        "iso-8859-2": "^0.1.2",
        "iso-8859-3": "^0.1.2",
        "iso-8859-4": "^0.1.2",
        "iso-8859-5": "^0.1.2",
        "iso-8859-6": "^0.1.2",
        "iso-8859-7": "^0.1.2",
        "iso-8859-8": "^0.1.2",
        "iso-8859-8-i": "^0.1.2",
        "jconv": "^0.1.5",
        "koi8-r": "^0.1.2",
        "macintosh": "^0.1.2",
        "windows-1250": "^0.1.2",
        "windows-1251": "^0.1.2",
        "windows-1252": "^0.1.2",
        "windows-1253": "^0.1.2",
        "windows-1254": "^0.1.2",
        "windows-1255": "^0.1.2",
        "windows-1256": "^0.1.2",
        "windows-1257": "^0.1.2",
        "windows-1258": "^0.1.2",
        "windows-874": "^0.1.2",
        "x-mac-cyrillic": "^0.1.2"
      }
    },
    "node_modules/legacy-encoding/node_modules/iconv-lite": {
      "version": "0.4.24",
      "resolved": "https://registry.npmjs.org/iconv-lite/-/iconv-lite-0.4.24.tgz",
      "integrity": "sha512-v3MXnZAcvnywkTUEZomIActle7RXXeedOR31wwl7VlyoXO4Qi9arvSenNQWne1TcRwhCL1HwLI21bEqdpj8/rA==",
      "dependencies": {
        "safer-buffer": ">= 2.1.2 < 3"
      },
      "engines": {
        "node": ">=0.10.0"
      }
    },
    "node_modules/macintosh": {
      "version": "0.1.2",
      "resolved": "https://registry.npmjs.org/macintosh/-/macintosh-0.1.2.tgz",
      "integrity": "sha512-sMrD4F3qNiMGkYWI3jg8kscXM93K1SWIMilYBtX28cevbahFdLUpIOsu0mAG8st72EQitWbjTCdOnHYM+AV21A=="
    },
    "node_modules/mime-db": {
      "version": "1.52.0",
      "resolved": "https://registry.npmjs.org/mime-db/-/mime-db-1.52.0.tgz",
      "integrity": "sha512-sPU4uV7dYlvtWJxwwxHD0PuihVNiE7TyAbQ5SWxDCB9mUYvOgroQOwYQQOKPJ8CIbE+1ETVlOoK1UC2nU3gYvg==",
      "engines": {
        "node": ">= 0.6"
      }
    },
    "node_modules/mime-types": {
      "version": "2.1.35",
      "resolved": "https://registry.npmjs.org/mime-types/-/mime-types-2.1.35.tgz",
      "integrity": "sha512-ZDY+bPm5zTTF+YpCrAU9nK0UgICYPT0QtT1NZWFv4s++TNkcgVaT0g6+4R2uI4MjQjzysHB1zxuWL50hzaeXiw==",
      "dependencies": {
        "mime-db": "1.52.0"
      },
      "engines": {
        "node": ">= 0.6"
      }
    },
    "node_modules/mimer": {
      "version": "2.0.2",
      "resolved": "https://registry.npmjs.org/mimer/-/mimer-2.0.2.tgz",
      "integrity": "sha512-izxvjsB7Ur5HrTbPu6VKTrzxSMBFBqyZQc6dWlZNQ4/wAvf886fD4lrjtFd8IQ8/WmZKdxKjUtqFFNaj3hQ52g==",
      "bin": {
        "mimer": "bin/mimer"
      },
      "engines": {
        "node": ">= 12"
      }
    },
    "node_modules/moment": {
      "version": "2.29.4",
      "resolved": "https://registry.npmjs.org/moment/-/moment-2.29.4.tgz",
      "integrity": "sha512-5LC9SOxjSc2HF6vO2CyuTDNivEdoz2IvyJJGj6X8DJ0eFyfszE0QiEd+iXmBvUP3WHxSjFH/vIsA0EN00cgr8w==",
      "engines": {
        "node": "*"
      }
    },
    "node_modules/nan": {
      "version": "2.17.0",
      "resolved": "https://registry.npmjs.org/nan/-/nan-2.17.0.tgz",
      "integrity": "sha512-2ZTgtl0nJsO0KQCjEpxcIr5D+Yv90plTitZt9JBfQvVJDS5seMl3FOvsh3+9CoYWXf/1l5OaZzzF6nDm4cagaQ=="
    },
    "node_modules/pcsclite": {
      "version": "1.0.1",
      "resolved": "https://registry.npmjs.org/pcsclite/-/pcsclite-1.0.1.tgz",
      "integrity": "sha512-KffeR9V+Q0ERHsOp2Ys4K81XEkRSFfn/G6Nbfieq2BPbP90KnMFFClKLgJ/hKmCddxUdpcu3OVVSY+tTy5FXRw==",
      "hasInstallScript": true,
      "dependencies": {
        "bindings": "^1.1.0",
        "nan": "^2.14.0"
      },
      "engines": {
        "node": ">=4.8.0"
      }
    },
    "node_modules/proxy-from-env": {
      "version": "1.1.0",
      "resolved": "https://registry.npmjs.org/proxy-from-env/-/proxy-from-env-1.1.0.tgz",
      "integrity": "sha512-D+zkORCbA9f1tdWRK0RaCR3GPv50cMxcrz4X8k5LTSUD1Dkw47mKJEZQNunItRTkWwgtaUSo1RVFRIG9ZXiFYg=="
    },
    "node_modules/queue": {
      "version": "6.0.2",
      "resolved": "https://registry.npmjs.org/queue/-/queue-6.0.2.tgz",
      "integrity": "sha512-iHZWu+q3IdFZFX36ro/lKBkSvfkztY5Y7HMiPlOUjhupPcG2JMfst2KKEpu5XndviX/3UhFbRngUPNKtgvtZiA==",
      "dependencies": {
        "inherits": "~2.0.3"
      }
    },
    "node_modules/safer-buffer": {
      "version": "2.1.2",
      "resolved": "https://registry.npmjs.org/safer-buffer/-/safer-buffer-2.1.2.tgz",
      "integrity": "sha512-YZo3K82SD7Riyi0E1EQPojLz7kpepnSQI9IyPbHHg1XXXevb5dJI7tpyN2ADxGcQbHG7vcyRHk0cbwqcQriUtg=="
    },
    "node_modules/thai-id-card-reader": {
      "version": "1.0.42",
      "resolved": "https://registry.npmjs.org/thai-id-card-reader/-/thai-id-card-reader-1.0.42.tgz",
      "integrity": "sha512-wZMa+nyZAiNxhbDfzB3AIKGBvneSY59hrSUqdIlDr+ZR1eEOUHgyOy0LHHS7IlRSukbf8ohg0/TtsYgvZoH9JA==",
      "dependencies": {
        "axios": "^1.1.3",
        "datauri": "^4.1.0",
        "encoding": "^0.1.13",
        "eventemitter3": "^4.0.7",
        "legacy-encoding": "^3.0.0",
        "pcsclite": "^1.0.1"
      }
    },
    "node_modules/windows-1250": {
      "version": "0.1.2",
      "resolved": "https://registry.npmjs.org/windows-1250/-/windows-1250-0.1.2.tgz",
      "integrity": "sha512-6Jl0GTM0jTNrX2zIMvHtXm8XN8Ga9x1iDsEWGmPMT2qQlBJmzLlYCmg2oDTsW41BkzTSwQNvSSzmtKJrNBreaQ=="
    },
    "node_modules/windows-1251": {
      "version": "0.1.2",
      "resolved": "https://registry.npmjs.org/windows-1251/-/windows-1251-0.1.2.tgz",
      "integrity": "sha512-vRE97IjXMzcWZVaX60vRDAKY9RNipoWAY6ZO+cJYSrPcE3Ek1PUe3QeK3nOzkcrvP3Q9L0LplJieZbUtGin7FQ=="
    },
    "node_modules/windows-1252": {
      "version": "0.1.2",
      "resolved": "https://registry.npmjs.org/windows-1252/-/windows-1252-0.1.2.tgz",
      "integrity": "sha512-7NVdtSZYjOZBzYj3n1fO3gKCjwcMQcY3P4DaidThJWLqUCu8pjghkKxETvW7xj2nqnESPBAJpjdTUVPHiR275w=="
    },
    "node_modules/windows-1253": {
      "version": "0.1.2",
      "resolved": "https://registry.npmjs.org/windows-1253/-/windows-1253-0.1.2.tgz",
      "integrity": "sha512-UjfUOBnCUUJTOGABbTvjHQjXH0WrsYO58d0WMHq8CS8dgIZyx7JzVf868il0JeYddIsbfE2Xie+pRWbx2iPCTw=="
    },
    "node_modules/windows-1254": {
      "version": "0.1.2",
      "resolved": "https://registry.npmjs.org/windows-1254/-/windows-1254-0.1.2.tgz",
      "integrity": "sha512-sEMfsrJ8b9vuJT2iVkELYEaBjljM1J2nTbFqQueHQuiZBQeqVx1J7fcoFHWxFbfud4I7zt4JzflBQE06WOEKDg=="
    },
    "node_modules/windows-1255": {
      "version": "0.1.2",
      "resolved": "https://registry.npmjs.org/windows-1255/-/windows-1255-0.1.2.tgz",
      "integrity": "sha512-kiLa+s+ar63L+L34kIwIaCia+Blp+p31hehCoV2LqV5GjsyPq6SxdlQRIvLlflYMrQKi7F5El5d56DmfIsqT4g=="
    },
    "node_modules/windows-1256": {
      "version": "0.1.2",
      "resolved": "https://registry.npmjs.org/windows-1256/-/windows-1256-0.1.2.tgz",
      "integrity": "sha512-Sct1HJygOcar0+OujM3nootlbIsajAEP/H1V3mDvatI3ISpY0+ixZAKWtso4cDxlMT9YPvz7j1SlebG+fNi+/g=="
    },
    "node_modules/windows-1257": {
      "version": "0.1.2",
      "resolved": "https://registry.npmjs.org/windows-1257/-/windows-1257-0.1.2.tgz",
      "integrity": "sha512-tMhiawyN0PIqOqOvLEZl2u9CFIx0YmR92Af+RSdchIxZAn6isdTUvEQ1PGFwMqX9+SV2KDi1pfJvF7N0r1aQLA=="
    },
    "node_modules/windows-1258": {
      "version": "0.1.2",
      "resolved": "https://registry.npmjs.org/windows-1258/-/windows-1258-0.1.2.tgz",
      "integrity": "sha512-1kwBYJdRL+Yww/ezzIxhOuE6XN/eIR4hizYh3qhKiJUnH9GU8Pd2aOPsUD8JDXhD/gppe66dsNGzZJT3Fs9nFA=="
    },
    "node_modules/windows-874": {
      "version": "0.1.2",
      "resolved": "https://registry.npmjs.org/windows-874/-/windows-874-0.1.2.tgz",
      "integrity": "sha512-cHU69qxjTRKui/bm2j1OyUA3uSDISLhfvNAkIbpiKVMwwlt3b7vQFljBRoLTjxXX0XqDocbLfLMbey8OVVBeAA=="
    },
    "node_modules/x-mac-cyrillic": {
      "version": "0.1.2",
      "resolved": "https://registry.npmjs.org/x-mac-cyrillic/-/x-mac-cyrillic-0.1.2.tgz",
      "integrity": "sha512-w9iiCq1RmIVGadAlCCsnjsM7etmvRonTuHqW0n7Kx+i5gY+UnI8/pbhM0iulluHR6ktiMub8L1509/cJuuogNg=="
    }
  },
  "dependencies": {
    "@types/node": {
      "version": "18.11.9",
      "resolved": "https://registry.npmjs.org/@types/node/-/node-18.11.9.tgz",
      "integrity": "sha512-CRpX21/kGdzjOpFsZSkcrXMGIBWMGNIHXXBVFSH+ggkftxg+XYP20TESbh+zFvFj3EQOl5byk0HTRn1IL6hbqg==",
      "dev": true
    },
    "asynckit": {
      "version": "0.4.0",
      "resolved": "https://registry.npmjs.org/asynckit/-/asynckit-0.4.0.tgz",
      "integrity": "sha512-Oei9OH4tRh0YqU3GxhX79dM/mwVgvbZJaSNaRk+bshkj0S5cfHcgYakreBjrHwatXKbz+IoIdYLxrKim2MjW0Q=="
    },
    "axios": {
      "version": "1.1.3",
      "resolved": "https://registry.npmjs.org/axios/-/axios-1.1.3.tgz",
      "integrity": "sha512-00tXVRwKx/FZr/IDVFt4C+f9FYairX517WoGCL6dpOntqLkZofjhu43F/Xl44UOpqa+9sLFDrG/XAnFsUYgkDA==",
      "requires": {
        "follow-redirects": "^1.15.0",
        "form-data": "^4.0.0",
        "proxy-from-env": "^1.1.0"
      }
    },
    "bindings": {
      "version": "1.5.0",
      "resolved": "https://registry.npmjs.org/bindings/-/bindings-1.5.0.tgz",
      "integrity": "sha512-p2q/t/mhvuOj/UeLlV6566GD/guowlr0hHxClI0W9m7MWYkL1F0hLo+0Aexs9HSPCtR1SXQ0TD3MMKrXZajbiQ==",
      "requires": {
        "file-uri-to-path": "1.0.0"
      }
    },
    "combined-stream": {
      "version": "1.0.8",
      "resolved": "https://registry.npmjs.org/combined-stream/-/combined-stream-1.0.8.tgz",
      "integrity": "sha512-FQN4MRfuJeHf7cBbBMJFXhKSDq+2kAArBlmRBvcvFE5BB1HZKXtSFASDhdlz9zOYwxh8lDdnvmMOe/+5cdoEdg==",
      "requires": {
        "delayed-stream": "~1.0.0"
      }
    },
    "datauri": {
      "version": "4.1.0",
      "resolved": "https://registry.npmjs.org/datauri/-/datauri-4.1.0.tgz",
      "integrity": "sha512-y17kh32+I82G+ED9MNWFkZiP/Cq/vO1hN9+tSZsT9C9qn3NrvcBnh7crSepg0AQPge1hXx2Ca44s1FRdv0gFWA==",
      "requires": {
        "image-size": "1.0.0",
        "mimer": "^2.0.2"
      }
    },
    "delayed-stream": {
      "version": "1.0.0",
      "resolved": "https://registry.npmjs.org/delayed-stream/-/delayed-stream-1.0.0.tgz",
      "integrity": "sha512-ZySD7Nf91aLB0RxL4KGrKHBXl7Eds1DAmEdcoVawXnLD7SDhpNgtuII2aAkg7a7QS41jxPSZ17p4VdGnMHk3MQ=="
    },
    "encoding": {
      "version": "0.1.13",
      "resolved": "https://registry.npmjs.org/encoding/-/encoding-0.1.13.tgz",
      "integrity": "sha512-ETBauow1T35Y/WZMkio9jiM0Z5xjHHmJ4XmjZOq1l/dXz3lr2sRn87nJy20RupqSh1F2m3HHPSp8ShIPQJrJ3A==",
      "requires": {
        "iconv-lite": "^0.6.2"
      }
    },
    "eventemitter3": {
      "version": "4.0.7",
      "resolved": "https://registry.npmjs.org/eventemitter3/-/eventemitter3-4.0.7.tgz",
      "integrity": "sha512-8guHBZCwKnFhYdHr2ysuRWErTwhoN2X8XELRlrRwpmfeY2jjuUN4taQMsULKUVo1K4DvZl+0pgfyoysHxvmvEw=="
    },
    "file-uri-to-path": {
      "version": "1.0.0",
      "resolved": "https://registry.npmjs.org/file-uri-to-path/-/file-uri-to-path-1.0.0.tgz",
      "integrity": "sha512-0Zt+s3L7Vf1biwWZ29aARiVYLx7iMGnEUl9x33fbB/j3jR81u/O2LbqK+Bm1CDSNDKVtJ/YjwY7TUd5SkeLQLw=="
    },
    "follow-redirects": {
      "version": "1.15.2",
      "resolved": "https://registry.npmjs.org/follow-redirects/-/follow-redirects-1.15.2.tgz",
      "integrity": "sha512-VQLG33o04KaQ8uYi2tVNbdrWp1QWxNNea+nmIB4EVM28v0hmP17z7aG1+wAkNzVq4KeXTq3221ye5qTJP91JwA=="
    },
    "form-data": {
      "version": "4.0.0",
      "resolved": "https://registry.npmjs.org/form-data/-/form-data-4.0.0.tgz",
      "integrity": "sha512-ETEklSGi5t0QMZuiXoA/Q6vcnxcLQP5vdugSpuAyi6SVGi2clPPp+xgEhuMaHC+zGgn31Kd235W35f7Hykkaww==",
      "requires": {
        "asynckit": "^0.4.0",
        "combined-stream": "^1.0.8",
        "mime-types": "^2.1.12"
      }
    },
    "iconv-lite": {
      "version": "0.6.3",
      "resolved": "https://registry.npmjs.org/iconv-lite/-/iconv-lite-0.6.3.tgz",
      "integrity": "sha512-4fCk79wshMdzMp2rH06qWrJE4iolqLhCUH+OiuIgU++RB0+94NlDL81atO7GX55uUKueo0txHNtvEyI6D7WdMw==",
      "requires": {
        "safer-buffer": ">= 2.1.2 < 3.0.0"
      }
    },
    "image-size": {
      "version": "1.0.0",
      "resolved": "https://registry.npmjs.org/image-size/-/image-size-1.0.0.tgz",
      "integrity": "sha512-JLJ6OwBfO1KcA+TvJT+v8gbE6iWbj24LyDNFgFEN0lzegn6cC6a/p3NIDaepMsJjQjlUWqIC7wJv8lBFxPNjcw==",
      "requires": {
        "queue": "6.0.2"
      }
    },
    "inherits": {
      "version": "2.0.4",
      "resolved": "https://registry.npmjs.org/inherits/-/inherits-2.0.4.tgz",
      "integrity": "sha512-k/vGaX4/Yla3WzyMCvTQOXYeIHvqOKtnqBduzTHpzpQZzAskKMhZ2K+EnBiSM9zGSoIFeMpXKxa4dYeZIQqewQ=="
    },
    "iso-8859-15": {
      "version": "0.1.2",
      "resolved": "https://registry.npmjs.org/iso-8859-15/-/iso-8859-15-0.1.2.tgz",
      "integrity": "sha512-yVBeEJCnjNplRZS7zMEClE2THk57zvocFQ+DsxyutCXijFYigDUGr1psSo69rU83Qq5CwBcO6dqOM8enCbSKkg=="
    },
    "iso-8859-2": {
      "version": "0.1.2",
      "resolved": "https://registry.npmjs.org/iso-8859-2/-/iso-8859-2-0.1.2.tgz",
      "integrity": "sha512-tVp9GhPRMBdPHVwWzPl5heWk8EY0ChVUu7Wdkdw+EuQhGh1Q6FWZ1bGsYyQSO1ZOasWvdQVdcM5k31KJnt9kBQ=="
    },
    "iso-8859-3": {
      "version": "0.1.2",
      "resolved": "https://registry.npmjs.org/iso-8859-3/-/iso-8859-3-0.1.2.tgz",
      "integrity": "sha512-vmfNH3hktlbAvDZth2HPWYnK4R5U5/6YYnM5qlnkN7CLNZVqimOWJhGJLCG+pEgtIk9upzE9QeKGwoIohXL9Aw=="
    },
    "iso-8859-4": {
      "version": "0.1.2",
      "resolved": "https://registry.npmjs.org/iso-8859-4/-/iso-8859-4-0.1.2.tgz",
      "integrity": "sha512-5zsCLvemq1vrRkDKk6SK0PJiTG517RueqdHB4nxH/tTijtOeZxkUyotDtveADZXYUM+pZSnRR3A0s7LgI2uYYQ=="
    },
    "iso-8859-5": {
      "version": "0.1.2",
      "resolved": "https://registry.npmjs.org/iso-8859-5/-/iso-8859-5-0.1.2.tgz",
      "integrity": "sha512-Fd3oGABHxcInAPJhf2lBGJftXMTGPLYbr5jY8ql2HLPV+nrNLcizYUbw02dn7rE02KDe5+EfyykJw6Zpv/3ebQ=="
    },
    "iso-8859-6": {
      "version": "0.1.2",
      "resolved": "https://registry.npmjs.org/iso-8859-6/-/iso-8859-6-0.1.2.tgz",
      "integrity": "sha512-eIGTMyBLlSsDLsig0RccPlyyn2ofwlUcMzgFIcIvElIRLl2srCWLKqXwb77lrdXRO8zB5uu4e59vOhyDJ2y29w=="
    },
    "iso-8859-7": {
      "version": "0.1.2",
      "resolved": "https://registry.npmjs.org/iso-8859-7/-/iso-8859-7-0.1.2.tgz",
      "integrity": "sha512-hiqEj9lFhlRwdWNXHjCkbMFvOEmX+BvitOyiSPPvlTlMQ5yaKOefnj/nAYqQyUlLfUizZPOW0ag7ynJGRr7toQ=="
    },
    "iso-8859-8": {
      "version": "0.1.2",
      "resolved": "https://registry.npmjs.org/iso-8859-8/-/iso-8859-8-0.1.2.tgz",
      "integrity": "sha512-ssefagpYTjZKcWJwC0lNiosKfCacB3ZWv0ani7rVMnjB/nFghk8eXvBhKO0RdY4/dfuaIZOXzswKCepe+Z7oAA=="
    },
    "iso-8859-8-i": {
      "version": "0.1.2",
      "resolved": "https://registry.npmjs.org/iso-8859-8-i/-/iso-8859-8-i-0.1.2.tgz",
      "integrity": "sha512-Wo1dlXoQtu9pk9KGomdT+RteUlcar0OTmEKYKFChZVVXA7ouXtQplhDkIOmmOs2eOHbpJu962+HqlcKG0WKTmA=="
    },
    "jconv": {
      "version": "0.1.5",
      "resolved": "https://registry.npmjs.org/jconv/-/jconv-0.1.5.tgz",
      "integrity": "sha512-aH8BnQa8SakaT2Wq+tfbu1cRBE6aMwnDqb2AP/jegh69Lg1WIBVRmwPdb4YErYyPHP7iQhuZ5rnPWBX8DcnRSg=="
    },
    "koi8-r": {
      "version": "0.1.2",
      "resolved": "https://registry.npmjs.org/koi8-r/-/koi8-r-0.1.2.tgz",
      "integrity": "sha512-6/PxYCL4ot7cgDbgXQGKFpKYqLPzm8TvZV2kVtHwdY4AWdiiLwnwpTu56ZRZ7t/PTHw/VlNxJVp+awsgcGMsIw=="
    },
    "legacy-encoding": {
      "version": "3.0.0",
      "resolved": "https://registry.npmjs.org/legacy-encoding/-/legacy-encoding-3.0.0.tgz",
      "integrity": "sha512-qUVsu/aaZl+RIAUVeazsFljyD/3XD7oOq/l1XPcZ5xpp++MnxR7W2oaXrH+jwnAXqCEpsI9ovXXqwmrGDMO2gQ==",
      "requires": {
        "iconv-lite": "^0.4.4",
        "iso-8859-15": "^0.1.2",
        "iso-8859-2": "^0.1.2",
        "iso-8859-3": "^0.1.2",
        "iso-8859-4": "^0.1.2",
        "iso-8859-5": "^0.1.2",
        "iso-8859-6": "^0.1.2",
        "iso-8859-7": "^0.1.2",
        "iso-8859-8": "^0.1.2",
        "iso-8859-8-i": "^0.1.2",
        "jconv": "^0.1.5",
        "koi8-r": "^0.1.2",
        "macintosh": "^0.1.2",
        "windows-1250": "^0.1.2",
        "windows-1251": "^0.1.2",
        "windows-1252": "^0.1.2",
        "windows-1253": "^0.1.2",
        "windows-1254": "^0.1.2",
        "windows-1255": "^0.1.2",
        "windows-1256": "^0.1.2",
        "windows-1257": "^0.1.2",
        "windows-1258": "^0.1.2",
        "windows-874": "^0.1.2",
        "x-mac-cyrillic": "^0.1.2"
      },
      "dependencies": {
        "iconv-lite": {
          "version": "0.4.24",
          "resolved": "https://registry.npmjs.org/iconv-lite/-/iconv-lite-0.4.24.tgz",
          "integrity": "sha512-v3MXnZAcvnywkTUEZomIActle7RXXeedOR31wwl7VlyoXO4Qi9arvSenNQWne1TcRwhCL1HwLI21bEqdpj8/rA==",
          "requires": {
            "safer-buffer": ">= 2.1.2 < 3"
          }
        }
      }
    },
    "macintosh": {
      "version": "0.1.2",
      "resolved": "https://registry.npmjs.org/macintosh/-/macintosh-0.1.2.tgz",
      "integrity": "sha512-sMrD4F3qNiMGkYWI3jg8kscXM93K1SWIMilYBtX28cevbahFdLUpIOsu0mAG8st72EQitWbjTCdOnHYM+AV21A=="
    },
    "mime-db": {
      "version": "1.52.0",
      "resolved": "https://registry.npmjs.org/mime-db/-/mime-db-1.52.0.tgz",
      "integrity": "sha512-sPU4uV7dYlvtWJxwwxHD0PuihVNiE7TyAbQ5SWxDCB9mUYvOgroQOwYQQOKPJ8CIbE+1ETVlOoK1UC2nU3gYvg=="
    },
    "mime-types": {
      "version": "2.1.35",
      "resolved": "https://registry.npmjs.org/mime-types/-/mime-types-2.1.35.tgz",
      "integrity": "sha512-ZDY+bPm5zTTF+YpCrAU9nK0UgICYPT0QtT1NZWFv4s++TNkcgVaT0g6+4R2uI4MjQjzysHB1zxuWL50hzaeXiw==",
      "requires": {
        "mime-db": "1.52.0"
      }
    },
    "mimer": {
      "version": "2.0.2",
      "resolved": "https://registry.npmjs.org/mimer/-/mimer-2.0.2.tgz",
      "integrity": "sha512-izxvjsB7Ur5HrTbPu6VKTrzxSMBFBqyZQc6dWlZNQ4/wAvf886fD4lrjtFd8IQ8/WmZKdxKjUtqFFNaj3hQ52g=="
    },
    "moment": {
      "version": "2.29.4",
      "resolved": "https://registry.npmjs.org/moment/-/moment-2.29.4.tgz",
      "integrity": "sha512-5LC9SOxjSc2HF6vO2CyuTDNivEdoz2IvyJJGj6X8DJ0eFyfszE0QiEd+iXmBvUP3WHxSjFH/vIsA0EN00cgr8w=="
    },
    "nan": {
      "version": "2.17.0",
      "resolved": "https://registry.npmjs.org/nan/-/nan-2.17.0.tgz",
      "integrity": "sha512-2ZTgtl0nJsO0KQCjEpxcIr5D+Yv90plTitZt9JBfQvVJDS5seMl3FOvsh3+9CoYWXf/1l5OaZzzF6nDm4cagaQ=="
    },
    "pcsclite": {
      "version": "1.0.1",
      "resolved": "https://registry.npmjs.org/pcsclite/-/pcsclite-1.0.1.tgz",
      "integrity": "sha512-KffeR9V+Q0ERHsOp2Ys4K81XEkRSFfn/G6Nbfieq2BPbP90KnMFFClKLgJ/hKmCddxUdpcu3OVVSY+tTy5FXRw==",
      "requires": {
        "bindings": "^1.1.0",
        "nan": "^2.14.0"
      }
    },
    "proxy-from-env": {
      "version": "1.1.0",
      "resolved": "https://registry.npmjs.org/proxy-from-env/-/proxy-from-env-1.1.0.tgz",
      "integrity": "sha512-D+zkORCbA9f1tdWRK0RaCR3GPv50cMxcrz4X8k5LTSUD1Dkw47mKJEZQNunItRTkWwgtaUSo1RVFRIG9ZXiFYg=="
    },
    "queue": {
      "version": "6.0.2",
      "resolved": "https://registry.npmjs.org/queue/-/queue-6.0.2.tgz",
      "integrity": "sha512-iHZWu+q3IdFZFX36ro/lKBkSvfkztY5Y7HMiPlOUjhupPcG2JMfst2KKEpu5XndviX/3UhFbRngUPNKtgvtZiA==",
      "requires": {
        "inherits": "~2.0.3"
      }
    },
    "safer-buffer": {
      "version": "2.1.2",
      "resolved": "https://registry.npmjs.org/safer-buffer/-/safer-buffer-2.1.2.tgz",
      "integrity": "sha512-YZo3K82SD7Riyi0E1EQPojLz7kpepnSQI9IyPbHHg1XXXevb5dJI7tpyN2ADxGcQbHG7vcyRHk0cbwqcQriUtg=="
    },
    "thai-id-card-reader": {
      "version": "1.0.42",
      "resolved": "https://registry.npmjs.org/thai-id-card-reader/-/thai-id-card-reader-1.0.42.tgz",
      "integrity": "sha512-wZMa+nyZAiNxhbDfzB3AIKGBvneSY59hrSUqdIlDr+ZR1eEOUHgyOy0LHHS7IlRSukbf8ohg0/TtsYgvZoH9JA==",
      "requires": {
        "axios": "^1.1.3",
        "datauri": "^4.1.0",
        "encoding": "^0.1.13",
        "eventemitter3": "^4.0.7",
        "legacy-encoding": "^3.0.0",
        "pcsclite": "^1.0.1"
      }
    },
    "windows-1250": {
      "version": "0.1.2",
      "resolved": "https://registry.npmjs.org/windows-1250/-/windows-1250-0.1.2.tgz",
      "integrity": "sha512-6Jl0GTM0jTNrX2zIMvHtXm8XN8Ga9x1iDsEWGmPMT2qQlBJmzLlYCmg2oDTsW41BkzTSwQNvSSzmtKJrNBreaQ=="
    },
    "windows-1251": {
      "version": "0.1.2",
      "resolved": "https://registry.npmjs.org/windows-1251/-/windows-1251-0.1.2.tgz",
      "integrity": "sha512-vRE97IjXMzcWZVaX60vRDAKY9RNipoWAY6ZO+cJYSrPcE3Ek1PUe3QeK3nOzkcrvP3Q9L0LplJieZbUtGin7FQ=="
    },
    "windows-1252": {
      "version": "0.1.2",
      "resolved": "https://registry.npmjs.org/windows-1252/-/windows-1252-0.1.2.tgz",
      "integrity": "sha512-7NVdtSZYjOZBzYj3n1fO3gKCjwcMQcY3P4DaidThJWLqUCu8pjghkKxETvW7xj2nqnESPBAJpjdTUVPHiR275w=="
    },
    "windows-1253": {
      "version": "0.1.2",
      "resolved": "https://registry.npmjs.org/windows-1253/-/windows-1253-0.1.2.tgz",
      "integrity": "sha512-UjfUOBnCUUJTOGABbTvjHQjXH0WrsYO58d0WMHq8CS8dgIZyx7JzVf868il0JeYddIsbfE2Xie+pRWbx2iPCTw=="
    },
    "windows-1254": {
      "version": "0.1.2",
      "resolved": "https://registry.npmjs.org/windows-1254/-/windows-1254-0.1.2.tgz",
      "integrity": "sha512-sEMfsrJ8b9vuJT2iVkELYEaBjljM1J2nTbFqQueHQuiZBQeqVx1J7fcoFHWxFbfud4I7zt4JzflBQE06WOEKDg=="
    },
    "windows-1255": {
      "version": "0.1.2",
      "resolved": "https://registry.npmjs.org/windows-1255/-/windows-1255-0.1.2.tgz",
      "integrity": "sha512-kiLa+s+ar63L+L34kIwIaCia+Blp+p31hehCoV2LqV5GjsyPq6SxdlQRIvLlflYMrQKi7F5El5d56DmfIsqT4g=="
    },
    "windows-1256": {
      "version": "0.1.2",
      "resolved": "https://registry.npmjs.org/windows-1256/-/windows-1256-0.1.2.tgz",
      "integrity": "sha512-Sct1HJygOcar0+OujM3nootlbIsajAEP/H1V3mDvatI3ISpY0+ixZAKWtso4cDxlMT9YPvz7j1SlebG+fNi+/g=="
    },
    "windows-1257": {
      "version": "0.1.2",
      "resolved": "https://registry.npmjs.org/windows-1257/-/windows-1257-0.1.2.tgz",
      "integrity": "sha512-tMhiawyN0PIqOqOvLEZl2u9CFIx0YmR92Af+RSdchIxZAn6isdTUvEQ1PGFwMqX9+SV2KDi1pfJvF7N0r1aQLA=="
    },
    "windows-1258": {
      "version": "0.1.2",
      "resolved": "https://registry.npmjs.org/windows-1258/-/windows-1258-0.1.2.tgz",
      "integrity": "sha512-1kwBYJdRL+Yww/ezzIxhOuE6XN/eIR4hizYh3qhKiJUnH9GU8Pd2aOPsUD8JDXhD/gppe66dsNGzZJT3Fs9nFA=="
    },
    "windows-874": {
      "version": "0.1.2",
      "resolved": "https://registry.npmjs.org/windows-874/-/windows-874-0.1.2.tgz",
      "integrity": "sha512-cHU69qxjTRKui/bm2j1OyUA3uSDISLhfvNAkIbpiKVMwwlt3b7vQFljBRoLTjxXX0XqDocbLfLMbey8OVVBeAA=="
    },
    "x-mac-cyrillic": {
      "version": "0.1.2",
      "resolved": "https://registry.npmjs.org/x-mac-cyrillic/-/x-mac-cyrillic-0.1.2.tgz",
      "integrity": "sha512-w9iiCq1RmIVGadAlCCsnjsM7etmvRonTuHqW0n7Kx+i5gY+UnI8/pbhM0iulluHR6ktiMub8L1509/cJuuogNg=="
    }
  }
}
